// !$*UTF8*$!
{
	archiveVersion = 1;
	classes = {
	};
	objectVersion = 45;
	objects = {

/* Begin PBXBuildFile section */
		6DDE18C113646CCD00CECF65 /* enums.c in Sources */ = {isa = PBXBuildFile; fileRef = 6DDE18C013646CCD00CECF65 /* enums.c */; };
		6DDE18CA13646D6800CECF65 /* utils.c in Sources */ = {isa = PBXBuildFile; fileRef = 6DDE18C813646D6800CECF65 /* utils.c */; };
		6DDE18CB13646D6800CECF65 /* xcf-general.c in Sources */ = {isa = PBXBuildFile; fileRef = 6DDE18C913646D6800CECF65 /* xcf-general.c */; };
		6DDE18D613646DA700CECF65 /* flatspec.c in Sources */ = {isa = PBXBuildFile; fileRef = 6DDE18CE13646DA700CECF65 /* flatspec.c */; };
		6DDE18D713646DA700CECF65 /* flatten.c in Sources */ = {isa = PBXBuildFile; fileRef = 6DDE18CF13646DA700CECF65 /* flatten.c */; };
		6DDE18D813646DA700CECF65 /* io-unix.c in Sources */ = {isa = PBXBuildFile; fileRef = 6DDE18D013646DA700CECF65 /* io-unix.c */; };
		6DDE18D913646DA700CECF65 /* nlsini.c in Sources */ = {isa = PBXBuildFile; fileRef = 6DDE18D113646DA700CECF65 /* nlsini.c */; };
		6DDE18DA13646DA700CECF65 /* palette.c in Sources */ = {isa = PBXBuildFile; fileRef = 6DDE18D213646DA700CECF65 /* palette.c */; };
		6DDE18DB13646DA700CECF65 /* pixels.c in Sources */ = {isa = PBXBuildFile; fileRef = 6DDE18D313646DA700CECF65 /* pixels.c */; };
		6DDE18DC13646DA700CECF65 /* scaletab.c in Sources */ = {isa = PBXBuildFile; fileRef = 6DDE18D413646DA700CECF65 /* scaletab.c */; };
		6DDE18DD13646DA700CECF65 /* table.c in Sources */ = {isa = PBXBuildFile; fileRef = 6DDE18D513646DA700CECF65 /* table.c */; };
		6DDE18E313646F8800CECF65 /* libiconv.dylib in Frameworks */ = {isa = PBXBuildFile; fileRef = 6DDE18E213646F8800CECF65 /* libiconv.dylib */; };
		6DDE1919136472BC00CECF65 /* Foundation.framework in Frameworks */ = {isa = PBXBuildFile; fileRef = 6DDE1918136472BC00CECF65 /* Foundation.framework */; };
		6DDE19CB1364848C00CECF65 /* DebugLog.m in Sources */ = {isa = PBXBuildFile; fileRef = 6DDE19CA1364848C00CECF65 /* DebugLog.m */; };
		8DD76FAC0486AB0100D96B5E /* main.m in Sources */ = {isa = PBXBuildFile; fileRef = 08FB7796FE84155DC02AAC07 /* main.m */; settings = {ATTRIBUTES = (); }; };
		8DD76FB00486AB0100D96B5E /* xcfinfo2plist.1 in CopyFiles */ = {isa = PBXBuildFile; fileRef = C6A0FF2C0290799A04C91782 /* xcfinfo2plist.1 */; };
/* End PBXBuildFile section */

/* Begin PBXCopyFilesBuildPhase section */
		8DD76FAF0486AB0100D96B5E /* CopyFiles */ = {
			isa = PBXCopyFilesBuildPhase;
			buildActionMask = 8;
			dstPath = /usr/share/man/man1/;
			dstSubfolderSpec = 0;
			files = (
				8DD76FB00486AB0100D96B5E /* xcfinfo2plist.1 in CopyFiles */,
			);
			runOnlyForDeploymentPostprocessing = 1;
		};
/* End PBXCopyFilesBuildPhase section */

/* Begin PBXFileReference section */
		08FB7796FE84155DC02AAC07 /* main.m */ = {isa = PBXFileReference; fileEncoding = 4; lastKnownFileType = sourcecode.c.objc; path = main.m; sourceTree = "<group>"; };
		6DDE18B7136458C300CECF65 /* base-enums.h */ = {isa = PBXFileReference; fileEncoding = 4; lastKnownFileType = sourcecode.c.h; path = "base-enums.h"; sourceTree = "<group>"; };
		6DDE18B8136458C300CECF65 /* gimpbaseenums.h */ = {isa = PBXFileReference; fileEncoding = 4; lastKnownFileType = sourcecode.c.h; path = gimpbaseenums.h; sourceTree = "<group>"; };
		6DDE18B9136458C300CECF65 /* xcf-private.h */ = {isa = PBXFileReference; fileEncoding = 4; lastKnownFileType = sourcecode.c.h; path = "xcf-private.h"; sourceTree = "<group>"; };
		6DDE18BA1364596B00CECF65 /* xcfinfo.c */ = {isa = PBXFileReference; fileEncoding = 4; lastKnownFileType = sourcecode.c.c; path = xcfinfo.c; sourceTree = "<group>"; };
		6DDE18BC1364597F00CECF65 /* xcftools.h */ = {isa = PBXFileReference; fileEncoding = 4; lastKnownFileType = sourcecode.c.h; path = xcftools.h; sourceTree = "<group>"; };
		6DDE18BD13645AB300CECF65 /* config.h */ = {isa = PBXFileReference; fileEncoding = 4; lastKnownFileType = sourcecode.c.h; path = config.h; sourceTree = "<group>"; };
		6DDE18BE13645B5000CECF65 /* xcfinfo.oi */ = {isa = PBXFileReference; fileEncoding = 4; lastKnownFileType = text; path = xcfinfo.oi; sourceTree = "<group>"; };
		6DDE18BF13646CCD00CECF65 /* enums.h */ = {isa = PBXFileReference; fileEncoding = 4; lastKnownFileType = sourcecode.c.h; path = enums.h; sourceTree = "<group>"; };
		6DDE18C013646CCD00CECF65 /* enums.c */ = {isa = PBXFileReference; fileEncoding = 4; lastKnownFileType = sourcecode.c.c; path = enums.c; sourceTree = "<group>"; };
		6DDE18C813646D6800CECF65 /* utils.c */ = {isa = PBXFileReference; fileEncoding = 4; lastKnownFileType = sourcecode.c.c; path = utils.c; sourceTree = "<group>"; };
		6DDE18C913646D6800CECF65 /* xcf-general.c */ = {isa = PBXFileReference; fileEncoding = 4; lastKnownFileType = sourcecode.c.c; path = "xcf-general.c"; sourceTree = "<group>"; };
		6DDE18CE13646DA700CECF65 /* flatspec.c */ = {isa = PBXFileReference; fileEncoding = 4; lastKnownFileType = sourcecode.c.c; path = flatspec.c; sourceTree = "<group>"; };
		6DDE18CF13646DA700CECF65 /* flatten.c */ = {isa = PBXFileReference; fileEncoding = 4; lastKnownFileType = sourcecode.c.c; path = flatten.c; sourceTree = "<group>"; };
		6DDE18D013646DA700CECF65 /* io-unix.c */ = {isa = PBXFileReference; fileEncoding = 4; lastKnownFileType = sourcecode.c.c; path = "io-unix.c"; sourceTree = "<group>"; };
		6DDE18D113646DA700CECF65 /* nlsini.c */ = {isa = PBXFileReference; fileEncoding = 4; lastKnownFileType = sourcecode.c.c; path = nlsini.c; sourceTree = "<group>"; };
		6DDE18D213646DA700CECF65 /* palette.c */ = {isa = PBXFileReference; fileEncoding = 4; lastKnownFileType = sourcecode.c.c; path = palette.c; sourceTree = "<group>"; };
		6DDE18D313646DA700CECF65 /* pixels.c */ = {isa = PBXFileReference; fileEncoding = 4; lastKnownFileType = sourcecode.c.c; path = pixels.c; sourceTree = "<group>"; };
		6DDE18D413646DA700CECF65 /* scaletab.c */ = {isa = PBXFileReference; fileEncoding = 4; lastKnownFileType = sourcecode.c.c; path = scaletab.c; sourceTree = "<group>"; };
		6DDE18D513646DA700CECF65 /* table.c */ = {isa = PBXFileReference; fileEncoding = 4; lastKnownFileType = sourcecode.c.c; path = table.c; sourceTree = "<group>"; };
		6DDE18E213646F8800CECF65 /* libiconv.dylib */ = {isa = PBXFileReference; lastKnownFileType = "compiled.mach-o.dylib"; name = libiconv.dylib; path = usr/lib/libiconv.dylib; sourceTree = SDKROOT; };
		6DDE1918136472BC00CECF65 /* Foundation.framework */ = {isa = PBXFileReference; lastKnownFileType = wrapper.framework; name = Foundation.framework; path = System/Library/Frameworks/Foundation.framework; sourceTree = SDKROOT; };
		6DDE19C91364848C00CECF65 /* DebugLog.h */ = {isa = PBXFileReference; fileEncoding = 4; lastKnownFileType = sourcecode.c.h; path = DebugLog.h; sourceTree = "<group>"; };
		6DDE19CA1364848C00CECF65 /* DebugLog.m */ = {isa = PBXFileReference; fileEncoding = 4; lastKnownFileType = sourcecode.c.objc; path = DebugLog.m; sourceTree = "<group>"; };
		8DD76FB20486AB0100D96B5E /* xcfinfo2plist */ = {isa = PBXFileReference; explicitFileType = "compiled.mach-o.executable"; includeInIndex = 0; path = xcfinfo2plist; sourceTree = BUILT_PRODUCTS_DIR; };
		C6A0FF2C0290799A04C91782 /* xcfinfo2plist.1 */ = {isa = PBXFileReference; lastKnownFileType = text.man; path = xcfinfo2plist.1; sourceTree = "<group>"; };
/* End PBXFileReference section */

/* Begin PBXFrameworksBuildPhase section */
		8DD76FAD0486AB0100D96B5E /* Frameworks */ = {
			isa = PBXFrameworksBuildPhase;
			buildActionMask = 2147483647;
			files = (
				6DDE18E313646F8800CECF65 /* libiconv.dylib in Frameworks */,
				6DDE1919136472BC00CECF65 /* Foundation.framework in Frameworks */,
			);
			runOnlyForDeploymentPostprocessing = 0;
		};
/* End PBXFrameworksBuildPhase section */

/* Begin PBXGroup section */
		08FB7794FE84155DC02AAC07 /* xcfinfo2plist */ = {
			isa = PBXGroup;
			children = (
				08FB7795FE84155DC02AAC07 /* Source */,
				C6A0FF2B0290797F04C91782 /* Documentation */,
				6DDE18E413646F9900CECF65 /* Libraries & Frameworks */,
				1AB674ADFE9D54B511CA2CBB /* Products */,
			);
			name = xcfinfo2plist;
			sourceTree = "<group>";
		};
		08FB7795FE84155DC02AAC07 /* Source */ = {
			isa = PBXGroup;
			children = (
				6DDE19C91364848C00CECF65 /* DebugLog.h */,
				6DDE19CA1364848C00CECF65 /* DebugLog.m */,
				6DDE18B0136458A700CECF65 /* xcftools-1.0.7 */,
				08FB7796FE84155DC02AAC07 /* main.m */,
			);
			name = Source;
			sourceTree = "<group>";
		};
		1AB674ADFE9D54B511CA2CBB /* Products */ = {
			isa = PBXGroup;
			children = (
				8DD76FB20486AB0100D96B5E /* xcfinfo2plist */,
			);
			name = Products;
			sourceTree = "<group>";
		};
		6DDE18B0136458A700CECF65 /* xcftools-1.0.7 */ = {
			isa = PBXGroup;
			children = (
				6DDE18BD13645AB300CECF65 /* config.h */,
				6DDE18BC1364597F00CECF65 /* xcftools.h */,
				6DDE18BE13645B5000CECF65 /* xcfinfo.oi */,
				6DDE18BF13646CCD00CECF65 /* enums.h */,
				6DDE18C013646CCD00CECF65 /* enums.c */,
				6DDE18C813646D6800CECF65 /* utils.c */,
				6DDE18C913646D6800CECF65 /* xcf-general.c */,
				6DDE18CE13646DA700CECF65 /* flatspec.c */,
				6DDE18CF13646DA700CECF65 /* flatten.c */,
				6DDE18D013646DA700CECF65 /* io-unix.c */,
				6DDE18D113646DA700CECF65 /* nlsini.c */,
				6DDE18D213646DA700CECF65 /* palette.c */,
				6DDE18D313646DA700CECF65 /* pixels.c */,
				6DDE18D413646DA700CECF65 /* scaletab.c */,
				6DDE18D513646DA700CECF65 /* table.c */,
				6DDE18BA1364596B00CECF65 /* xcfinfo.c */,
				6DDE18B6136458C300CECF65 /* gimp */,
			);
			path = "xcftools-1.0.7";
			sourceTree = "<group>";
		};
		6DDE18B6136458C300CECF65 /* gimp */ = {
			isa = PBXGroup;
			children = (
				6DDE18B7136458C300CECF65 /* base-enums.h */,
				6DDE18B8136458C300CECF65 /* gimpbaseenums.h */,
				6DDE18B9136458C300CECF65 /* xcf-private.h */,
			);
			path = gimp;
			sourceTree = "<group>";
		};
		6DDE18E413646F9900CECF65 /* Libraries & Frameworks */ = {
			isa = PBXGroup;
			children = (
				6DDE1918136472BC00CECF65 /* Foundation.framework */,
				6DDE18E213646F8800CECF65 /* libiconv.dylib */,
			);
			name = "Libraries & Frameworks";
			sourceTree = "<group>";
		};
		C6A0FF2B0290797F04C91782 /* Documentation */ = {
			isa = PBXGroup;
			children = (
				C6A0FF2C0290799A04C91782 /* xcfinfo2plist.1 */,
			);
			name = Documentation;
			sourceTree = "<group>";
		};
/* End PBXGroup section */

/* Begin PBXNativeTarget section */
		8DD76FA90486AB0100D96B5E /* xcfinfo2plist */ = {
			isa = PBXNativeTarget;
			buildConfigurationList = 1DEB928508733DD80010E9CD /* Build configuration list for PBXNativeTarget "xcfinfo2plist" */;
			buildPhases = (
				8DD76FAB0486AB0100D96B5E /* Sources */,
				8DD76FAD0486AB0100D96B5E /* Frameworks */,
				8DD76FAF0486AB0100D96B5E /* CopyFiles */,
			);
			buildRules = (
			);
			dependencies = (
			);
			name = xcfinfo2plist;
			productInstallPath = "$(HOME)/bin";
			productName = xcfinfo2plist;
			productReference = 8DD76FB20486AB0100D96B5E /* xcfinfo2plist */;
			productType = "com.apple.product-type.tool";
		};
/* End PBXNativeTarget section */

/* Begin PBXProject section */
		08FB7793FE84155DC02AAC07 /* Project object */ = {
			isa = PBXProject;
			buildConfigurationList = 1DEB928908733DD80010E9CD /* Build configuration list for PBXProject "xcfinfo2plist" */;
			compatibilityVersion = "Xcode 3.1";
			developmentRegion = English;
			hasScannedForEncodings = 1;
			knownRegions = (
				English,
				Japanese,
				French,
				German,
			);
			mainGroup = 08FB7794FE84155DC02AAC07 /* xcfinfo2plist */;
			projectDirPath = "";
			projectRoot = "";
			targets = (
				8DD76FA90486AB0100D96B5E /* xcfinfo2plist */,
			);
		};
/* End PBXProject section */

/* Begin PBXSourcesBuildPhase section */
		8DD76FAB0486AB0100D96B5E /* Sources */ = {
			isa = PBXSourcesBuildPhase;
			buildActionMask = 2147483647;
			files = (
				8DD76FAC0486AB0100D96B5E /* main.m in Sources */,
				6DDE18C113646CCD00CECF65 /* enums.c in Sources */,
				6DDE18CA13646D6800CECF65 /* utils.c in Sources */,
				6DDE18CB13646D6800CECF65 /* xcf-general.c in Sources */,
				6DDE18D613646DA700CECF65 /* flatspec.c in Sources */,
				6DDE18D713646DA700CECF65 /* flatten.c in Sources */,
				6DDE18D813646DA700CECF65 /* io-unix.c in Sources */,
				6DDE18D913646DA700CECF65 /* nlsini.c in Sources */,
				6DDE18DA13646DA700CECF65 /* palette.c in Sources */,
				6DDE18DB13646DA700CECF65 /* pixels.c in Sources */,
				6DDE18DC13646DA700CECF65 /* scaletab.c in Sources */,
				6DDE18DD13646DA700CECF65 /* table.c in Sources */,
				6DDE19CB1364848C00CECF65 /* DebugLog.m in Sources */,
			);
			runOnlyForDeploymentPostprocessing = 0;
		};
/* End PBXSourcesBuildPhase section */

/* Begin XCBuildConfiguration section */
		1DEB928608733DD80010E9CD /* Debug */ = {
			isa = XCBuildConfiguration;
			buildSettings = {
				ALWAYS_SEARCH_USER_PATHS = NO;
				COPY_PHASE_STRIP = NO;
				GCC_DYNAMIC_NO_PIC = NO;
				GCC_ENABLE_FIX_AND_CONTINUE = YES;
				GCC_MODEL_TUNING = G5;
				GCC_OPTIMIZATION_LEVEL = 0;
				INSTALL_PATH = /usr/local/bin;
				PRODUCT_NAME = xcfinfo2plist;
			};
			name = Debug;
		};
		1DEB928708733DD80010E9CD /* Release */ = {
			isa = XCBuildConfiguration;
			buildSettings = {
				ALWAYS_SEARCH_USER_PATHS = NO;
				DEBUG_INFORMATION_FORMAT = "dwarf-with-dsym";
				GCC_MODEL_TUNING = G5;
				INSTALL_PATH = /usr/local/bin;
				PRODUCT_NAME = xcfinfo2plist;
			};
			name = Release;
		};
		1DEB928A08733DD80010E9CD /* Debug */ = {
			isa = XCBuildConfiguration;
			buildSettings = {
				ARCHS = "$(ARCHS_STANDARD_32_64_BIT)";
				GCC_C_LANGUAGE_STANDARD = gnu99;
				GCC_OPTIMIZATION_LEVEL = 0;
				GCC_WARN_ABOUT_RETURN_TYPE = YES;
				GCC_WARN_UNUSED_VARIABLE = YES;
				ONLY_ACTIVE_ARCH = YES;
				PREBINDING = NO;
				SDKROOT = macosx10.6;
			};
			name = Debug;
		};
		1DEB928B08733DD80010E9CD /* Release */ = {
			isa = XCBuildConfiguration;
			buildSettings = {
				ARCHS = "$(ARCHS_STANDARD_32_64_BIT)";
				GCC_C_LANGUAGE_STANDARD = gnu99;
				GCC_WARN_ABOUT_RETURN_TYPE = YES;
				GCC_WARN_UNUSED_VARIABLE = YES;
				PREBINDING = NO;
				SDKROOT = macosx10.6;
			};
			name = Release;
		};
/* End XCBuildConfiguration section */

/* Begin XCConfigurationList section */
		1DEB928508733DD80010E9CD /* Build configuration list for PBXNativeTarget "xcfinfo2plist" */ = {
			isa = XCConfigurationList;
			buildConfigurations = (
				1DEB928608733DD80010E9CD /* Debug */,
				1DEB928708733DD80010E9CD /* Release */,
			);
			defaultConfigurationIsVisible = 0;
			defaultConfigurationName = Release;
		};
		1DEB928908733DD80010E9CD /* Build configuration list for PBXProject "xcfinfo2plist" */ = {
			isa = XCConfigurationList;
			buildConfigurations = (
				1DEB928A08733DD80010E9CD /* Debug */,
				1DEB928B08733DD80010E9CD /* Release */,
			);
			defaultConfigurationIsVisible = 0;
			defaultConfigurationName = Release;
		};
/* End XCConfigurationList section */
	};
	rootObject = 08FB7793FE84155DC02AAC07 /* Project object */;
}
